// !$*UTF8*$!
{
	archiveVersion = 1;
	classes = {
	};
	objectVersion = 52;
	objects = {

/* Begin PBXBuildFile section */
		72F3AD242D3D44083A9E8D87 /* Pods___Tests.framework in Frameworks */ = {isa = PBXBuildFile; fileRef = AC0CDD0A5499360F957B3670 /* Pods___Tests.framework */; };
		A0E4F96D7CD6E92B33D952B5 /* Pods_widgetExtension.framework in Frameworks */ = {isa = PBXBuildFile; fileRef = 8E3267DB66BA5758043C3B4D /* Pods_widgetExtension.framework */; };
		B5056D8C2573DCB300A8E79B /* DateHelper.swift in Sources */ = {isa = PBXBuildFile; fileRef = B509566E256DDCC30075ACE9 /* DateHelper.swift */; };
		B506EBB325622E0700372198 /* NotificationTableViewCell.swift in Sources */ = {isa = PBXBuildFile; fileRef = B506EBB125622E0700372198 /* NotificationTableViewCell.swift */; };
		B506EBB425622E0700372198 /* NotificationTableViewCell.xib in Resources */ = {isa = PBXBuildFile; fileRef = B506EBB225622E0700372198 /* NotificationTableViewCell.xib */; };
		B506EBC225622FF800372198 /* UpdateTimeTableViewCell.swift in Sources */ = {isa = PBXBuildFile; fileRef = B506EBC025622FF800372198 /* UpdateTimeTableViewCell.swift */; };
		B506EBC325622FF800372198 /* UpdateTimeTableViewCell.xib in Resources */ = {isa = PBXBuildFile; fileRef = B506EBC125622FF800372198 /* UpdateTimeTableViewCell.xib */; };
		B506EBC92562306400372198 /* UpdateBackgroundColorTableViewCell.swift in Sources */ = {isa = PBXBuildFile; fileRef = B506EBC72562306400372198 /* UpdateBackgroundColorTableViewCell.swift */; };
		B509566F256DDCC30075ACE9 /* DateHelper.swift in Sources */ = {isa = PBXBuildFile; fileRef = B509566E256DDCC30075ACE9 /* DateHelper.swift */; };
		B5095675256DDD380075ACE9 /* Notification.swift in Sources */ = {isa = PBXBuildFile; fileRef = B5095674256DDD380075ACE9 /* Notification.swift */; };
		B509567B256DDD6B0075ACE9 /* NotificationTrigger.swift in Sources */ = {isa = PBXBuildFile; fileRef = B509567A256DDD6B0075ACE9 /* NotificationTrigger.swift */; };
		B50956AA256DED9B0075ACE9 /* SplashScreen_.png in Resources */ = {isa = PBXBuildFile; fileRef = B50956A7256DED9B0075ACE9 /* SplashScreen_.png */; };
		B50956AB256DED9B0075ACE9 /* SplashScreen_@3x.png in Resources */ = {isa = PBXBuildFile; fileRef = B50956A8256DED9B0075ACE9 /* SplashScreen_@3x.png */; };
		B50956AC256DED9B0075ACE9 /* SplashScreen_@2x.png in Resources */ = {isa = PBXBuildFile; fileRef = B50956A9256DED9B0075ACE9 /* SplashScreen_@2x.png */; };
		B547A82725870AC300938A09 /* UXCam.xcframework in Frameworks */ = {isa = PBXBuildFile; fileRef = B547A82625870AC300938A09 /* UXCam.xcframework */; };
		B547A82D25870AD100938A09 /* AVFoundation.framework in Frameworks */ = {isa = PBXBuildFile; fileRef = B547A82C25870AD100938A09 /* AVFoundation.framework */; };
		B547A82F25870ADC00938A09 /* Security.framework in Frameworks */ = {isa = PBXBuildFile; fileRef = B547A82E25870ADC00938A09 /* Security.framework */; };
		B547A83525870AE300938A09 /* CoreGraphics.framework in Frameworks */ = {isa = PBXBuildFile; fileRef = B547A83425870AE300938A09 /* CoreGraphics.framework */; };
		B547A83725870AEA00938A09 /* CoreMedia.framework in Frameworks */ = {isa = PBXBuildFile; fileRef = B547A83625870AEA00938A09 /* CoreMedia.framework */; };
		B547A83925870AF100938A09 /* CoreTelephony.framework in Frameworks */ = {isa = PBXBuildFile; fileRef = B547A83825870AF100938A09 /* CoreTelephony.framework */; };
		B547A83B25870AF800938A09 /* MobileCoreServices.framework in Frameworks */ = {isa = PBXBuildFile; fileRef = B547A83A25870AF800938A09 /* MobileCoreServices.framework */; };
		B547A83D25870AFD00938A09 /* QuartzCore.framework in Frameworks */ = {isa = PBXBuildFile; fileRef = B547A83C25870AFD00938A09 /* QuartzCore.framework */; };
		B547A83F25870B0400938A09 /* SystemConfiguration.framework in Frameworks */ = {isa = PBXBuildFile; fileRef = B547A83E25870B0400938A09 /* SystemConfiguration.framework */; };
		B547A84125870B0A00938A09 /* WebKit.framework in Frameworks */ = {isa = PBXBuildFile; fileRef = B547A84025870B0A00938A09 /* WebKit.framework */; };
		B547A84325870B1100938A09 /* libz.tbd in Frameworks */ = {isa = PBXBuildFile; fileRef = B547A84225870B1100938A09 /* libz.tbd */; };
		B54E7F462587000800F56C60 /* GoogleService-Info.plist in Resources */ = {isa = PBXBuildFile; fileRef = B59E21C125676F85003A5521 /* GoogleService-Info.plist */; };
		B54E7F4B2587000D00F56C60 /* UpdateBackgroundColorTableViewCell.xib in Resources */ = {isa = PBXBuildFile; fileRef = B506EBC82562306400372198 /* UpdateBackgroundColorTableViewCell.xib */; };
		B5517C75255FAFC500E134CC /* AppDelegate.swift in Sources */ = {isa = PBXBuildFile; fileRef = B5517C74255FAFC500E134CC /* AppDelegate.swift */; };
		B5517C77255FAFC500E134CC /* SceneDelegate.swift in Sources */ = {isa = PBXBuildFile; fileRef = B5517C76255FAFC500E134CC /* SceneDelegate.swift */; };
		B5517C79255FAFC500E134CC /* ViewController.swift in Sources */ = {isa = PBXBuildFile; fileRef = B5517C78255FAFC500E134CC /* ViewController.swift */; };
		B5517C7C255FAFC500E134CC /* Main.storyboard in Resources */ = {isa = PBXBuildFile; fileRef = B5517C7A255FAFC500E134CC /* Main.storyboard */; };
		B5517C7E255FAFC500E134CC /* Assets.xcassets in Resources */ = {isa = PBXBuildFile; fileRef = B5517C7D255FAFC500E134CC /* Assets.xcassets */; };
		B5517C81255FAFC600E134CC /* LaunchScreen.storyboard in Resources */ = {isa = PBXBuildFile; fileRef = B5517C7F255FAFC600E134CC /* LaunchScreen.storyboard */; };
		B5517C8C255FAFC600E134CC /* __Tests.swift in Sources */ = {isa = PBXBuildFile; fileRef = B5517C8B255FAFC600E134CC /* __Tests.swift */; };
		B5517C97255FAFC600E134CC /* __UITests.swift in Sources */ = {isa = PBXBuildFile; fileRef = B5517C96255FAFC600E134CC /* __UITests.swift */; };
		B5517CB5255FB73400E134CC /* SettingViewController.swift in Sources */ = {isa = PBXBuildFile; fileRef = B5517CB4255FB73400E134CC /* SettingViewController.swift */; };
		B552F4DF256D0449001013BA /* SyncAppWidget.swift in Sources */ = {isa = PBXBuildFile; fileRef = B552F4DE256D0449001013BA /* SyncAppWidget.swift */; };
		B552F4E0256D0449001013BA /* SyncAppWidget.swift in Sources */ = {isa = PBXBuildFile; fileRef = B552F4DE256D0449001013BA /* SyncAppWidget.swift */; };
		B5807EFD25678043006052E2 /* firebaseService.swift in Sources */ = {isa = PBXBuildFile; fileRef = B5807EFC25678043006052E2 /* firebaseService.swift */; };
		B5807EFE25678043006052E2 /* firebaseService.swift in Sources */ = {isa = PBXBuildFile; fileRef = B5807EFC25678043006052E2 /* firebaseService.swift */; };
		B58FD31E256B737100CBDAB6 /* RatingViewController.swift in Sources */ = {isa = PBXBuildFile; fileRef = B58FD31C256B737000CBDAB6 /* RatingViewController.swift */; };
		B58FD31F256B737100CBDAB6 /* RatingViewController.xib in Resources */ = {isa = PBXBuildFile; fileRef = B58FD31D256B737100CBDAB6 /* RatingViewController.xib */; };
		B591B179257087A400C389D9 /* ezgif-3-d2dbde6ebf9a.gif in Resources */ = {isa = PBXBuildFile; fileRef = B591B178257087A400C389D9 /* ezgif-3-d2dbde6ebf9a.gif */; };
		B591B17F2570A0C100C389D9 /* SyncAppQuotes.swift in Sources */ = {isa = PBXBuildFile; fileRef = B591B17E2570A0C100C389D9 /* SyncAppQuotes.swift */; };
		B591B1802570A0C100C389D9 /* SyncAppQuotes.swift in Sources */ = {isa = PBXBuildFile; fileRef = B591B17E2570A0C100C389D9 /* SyncAppQuotes.swift */; };
		B591B18A2570BE6200C389D9 /* HandleNewUserViewController.swift in Sources */ = {isa = PBXBuildFile; fileRef = B591B1892570BE6200C389D9 /* HandleNewUserViewController.swift */; };
		B59C53692622F1C5008BFB0A /* OnboardingStoryViewController.swift in Sources */ = {isa = PBXBuildFile; fileRef = B59C53682622F1C5008BFB0A /* OnboardingStoryViewController.swift */; };
		B59E20B4256698FB003A5521 /* WidgetKit.framework in Frameworks */ = {isa = PBXBuildFile; fileRef = B59E205425669862003A5521 /* WidgetKit.framework */; };
		B59E20B5256698FB003A5521 /* SwiftUI.framework in Frameworks */ = {isa = PBXBuildFile; fileRef = B59E205625669862003A5521 /* SwiftUI.framework */; };
		B59E20B8256698FB003A5521 /* widget.swift in Sources */ = {isa = PBXBuildFile; fileRef = B59E20B7256698FB003A5521 /* widget.swift */; };
		B59E20BB256698FC003A5521 /* Assets.xcassets in Resources */ = {isa = PBXBuildFile; fileRef = B59E20BA256698FC003A5521 /* Assets.xcassets */; };
		B59E20BD256698FC003A5521 /* widget.intentdefinition in Sources */ = {isa = PBXBuildFile; fileRef = B59E20B9256698FB003A5521 /* widget.intentdefinition */; };
		B59E20C1256698FC003A5521 /* widgetExtension.appex in Embed App Extensions */ = {isa = PBXBuildFile; fileRef = B59E20B3256698FB003A5521 /* widgetExtension.appex */; settings = {ATTRIBUTES = (RemoveHeadersOnCopy, ); }; };
		B59E20D8256741C3003A5521 /* GeegeeWidgetView.swift in Sources */ = {isa = PBXBuildFile; fileRef = B59E20D7256741C3003A5521 /* GeegeeWidgetView.swift */; };
		B59E212E25674D0A003A5521 /* Quote.swift in Sources */ = {isa = PBXBuildFile; fileRef = B59E212D25674D0A003A5521 /* Quote.swift */; };
		B59E213325674D13003A5521 /* Quote.swift in Sources */ = {isa = PBXBuildFile; fileRef = B59E212D25674D0A003A5521 /* Quote.swift */; };
		B59E213D256756CA003A5521 /* GeegeeWidgetView.swift in Sources */ = {isa = PBXBuildFile; fileRef = B59E20D7256741C3003A5521 /* GeegeeWidgetView.swift */; };
		B59E218F2567657F003A5521 /* UserDefaultsExtention.swift in Sources */ = {isa = PBXBuildFile; fileRef = B59E218E2567657F003A5521 /* UserDefaultsExtention.swift */; };
		B59E219425676582003A5521 /* UserDefaultsExtention.swift in Sources */ = {isa = PBXBuildFile; fileRef = B59E218E2567657F003A5521 /* UserDefaultsExtention.swift */; };
		B59E21C325676F85003A5521 /* GoogleService-Info.plist in Resources */ = {isa = PBXBuildFile; fileRef = B59E21C125676F85003A5521 /* GoogleService-Info.plist */; };
		B5AF873A2571209C008A3BBC /* videoTutorialViewController.swift in Sources */ = {isa = PBXBuildFile; fileRef = B5AF87392571209C008A3BBC /* videoTutorialViewController.swift */; };
		B5B49786256A6B1400570D84 /* Onboarding_1ViewController.swift in Sources */ = {isa = PBXBuildFile; fileRef = B5B49785256A6B1400570D84 /* Onboarding_1ViewController.swift */; };
		B5B4978C256A6DDE00570D84 /* Onboarding_2ViewController.swift in Sources */ = {isa = PBXBuildFile; fileRef = B5B4978B256A6DDE00570D84 /* Onboarding_2ViewController.swift */; };
		B5B49792256A6F2900570D84 /* Onboarding_3ViewController.swift in Sources */ = {isa = PBXBuildFile; fileRef = B5B49791256A6F2900570D84 /* Onboarding_3ViewController.swift */; };
		B5C321D92629685D00CB530C /* TutorialViewController.swift in Sources */ = {isa = PBXBuildFile; fileRef = B5C321D82629685D00CB530C /* TutorialViewController.swift */; };
		B5D3845D256BED8200B1A507 /* qiji-combo.ttf in Resources */ = {isa = PBXBuildFile; fileRef = B5D3845C256BED8100B1A507 /* qiji-combo.ttf */; };
		B5D3845E256BED8200B1A507 /* qiji-combo.ttf in Resources */ = {isa = PBXBuildFile; fileRef = B5D3845C256BED8100B1A507 /* qiji-combo.ttf */; };
		B5DF562E256F2C01004A24D8 /* Date.swift in Sources */ = {isa = PBXBuildFile; fileRef = B5DF562D256F2C01004A24D8 /* Date.swift */; };
		B5DF562F256F2C01004A24D8 /* Date.swift in Sources */ = {isa = PBXBuildFile; fileRef = B5DF562D256F2C01004A24D8 /* Date.swift */; };
		B5E8973625655F1F00D470E2 /* ShareViewController.swift in Sources */ = {isa = PBXBuildFile; fileRef = B5E8973525655F1F00D470E2 /* ShareViewController.swift */; };
		D6BA2AD64FFDCA5867436DF3 /* Pods______UITests.framework in Frameworks */ = {isa = PBXBuildFile; fileRef = 619F50BB0B2A025437AC921D /* Pods______UITests.framework */; };
/* End PBXBuildFile section */

/* Begin PBXContainerItemProxy section */
		B5517C88255FAFC600E134CC /* PBXContainerItemProxy */ = {
			isa = PBXContainerItemProxy;
			containerPortal = B5517C69255FAFC400E134CC /* Project object */;
			proxyType = 1;
			remoteGlobalIDString = B5517C70255FAFC500E134CC;
			remoteInfo = "句句";
		};
		B5517C93255FAFC600E134CC /* PBXContainerItemProxy */ = {
			isa = PBXContainerItemProxy;
			containerPortal = B5517C69255FAFC400E134CC /* Project object */;
			proxyType = 1;
			remoteGlobalIDString = B5517C70255FAFC500E134CC;
			remoteInfo = "句句";
		};
		B59E20BF256698FC003A5521 /* PBXContainerItemProxy */ = {
			isa = PBXContainerItemProxy;
			containerPortal = B5517C69255FAFC400E134CC /* Project object */;
			proxyType = 1;
			remoteGlobalIDString = B59E20B2256698FB003A5521;
			remoteInfo = widgetExtension;
		};
/* End PBXContainerItemProxy section */

/* Begin PBXCopyFilesBuildPhase section */
		B59E206425669864003A5521 /* Embed App Extensions */ = {
			isa = PBXCopyFilesBuildPhase;
			buildActionMask = 2147483647;
			dstPath = "";
			dstSubfolderSpec = 13;
			files = (
				B59E20C1256698FC003A5521 /* widgetExtension.appex in Embed App Extensions */,
			);
			name = "Embed App Extensions";
			runOnlyForDeploymentPostprocessing = 0;
		};
/* End PBXCopyFilesBuildPhase section */

/* Begin PBXFileReference section */
		1F8216110A639BD5CDB2A60E /* Pods-句句-句句UITests.debug.xcconfig */ = {isa = PBXFileReference; includeInIndex = 1; lastKnownFileType = text.xcconfig; name = "Pods-句句-句句UITests.debug.xcconfig"; path = "Target Support Files/Pods-句句-句句UITests/Pods-句句-句句UITests.debug.xcconfig"; sourceTree = "<group>"; };
		31F9B7CA8B814DAFEF24091A /* Pods___.framework */ = {isa = PBXFileReference; explicitFileType = wrapper.framework; includeInIndex = 0; path = "Pods___.framework"; sourceTree = BUILT_PRODUCTS_DIR; };
		59E3CD7BFCEC51B39F0ACDF7 /* Pods-句句-句句UITests.release.xcconfig */ = {isa = PBXFileReference; includeInIndex = 1; lastKnownFileType = text.xcconfig; name = "Pods-句句-句句UITests.release.xcconfig"; path = "Target Support Files/Pods-句句-句句UITests/Pods-句句-句句UITests.release.xcconfig"; sourceTree = "<group>"; };
		619F50BB0B2A025437AC921D /* Pods______UITests.framework */ = {isa = PBXFileReference; explicitFileType = wrapper.framework; includeInIndex = 0; path = "Pods______UITests.framework"; sourceTree = BUILT_PRODUCTS_DIR; };
		76C1FFF8025718B5E3C32ABF /* Pods-句句.debug.xcconfig */ = {isa = PBXFileReference; includeInIndex = 1; lastKnownFileType = text.xcconfig; name = "Pods-句句.debug.xcconfig"; path = "Target Support Files/Pods-句句/Pods-句句.debug.xcconfig"; sourceTree = "<group>"; };
		8AEFDDD1013480BF1E62BD22 /* Pods-句句.release.xcconfig */ = {isa = PBXFileReference; includeInIndex = 1; lastKnownFileType = text.xcconfig; name = "Pods-句句.release.xcconfig"; path = "Target Support Files/Pods-句句/Pods-句句.release.xcconfig"; sourceTree = "<group>"; };
		8E3267DB66BA5758043C3B4D /* Pods_widgetExtension.framework */ = {isa = PBXFileReference; explicitFileType = wrapper.framework; includeInIndex = 0; path = Pods_widgetExtension.framework; sourceTree = BUILT_PRODUCTS_DIR; };
		93E7B2345F025ABE51C1F834 /* Pods-widgetExtension.debug.xcconfig */ = {isa = PBXFileReference; includeInIndex = 1; lastKnownFileType = text.xcconfig; name = "Pods-widgetExtension.debug.xcconfig"; path = "Target Support Files/Pods-widgetExtension/Pods-widgetExtension.debug.xcconfig"; sourceTree = "<group>"; };
		AC0CDD0A5499360F957B3670 /* Pods___Tests.framework */ = {isa = PBXFileReference; explicitFileType = wrapper.framework; includeInIndex = 0; path = "Pods___Tests.framework"; sourceTree = BUILT_PRODUCTS_DIR; };
		AE2EE0894DBCDBF3D0343BEB /* Pods-widgetExtension.release.xcconfig */ = {isa = PBXFileReference; includeInIndex = 1; lastKnownFileType = text.xcconfig; name = "Pods-widgetExtension.release.xcconfig"; path = "Target Support Files/Pods-widgetExtension/Pods-widgetExtension.release.xcconfig"; sourceTree = "<group>"; };
		B506EBB125622E0700372198 /* NotificationTableViewCell.swift */ = {isa = PBXFileReference; lastKnownFileType = sourcecode.swift; path = NotificationTableViewCell.swift; sourceTree = "<group>"; };
		B506EBB225622E0700372198 /* NotificationTableViewCell.xib */ = {isa = PBXFileReference; lastKnownFileType = file.xib; path = NotificationTableViewCell.xib; sourceTree = "<group>"; };
		B506EBC025622FF800372198 /* UpdateTimeTableViewCell.swift */ = {isa = PBXFileReference; lastKnownFileType = sourcecode.swift; path = UpdateTimeTableViewCell.swift; sourceTree = "<group>"; };
		B506EBC125622FF800372198 /* UpdateTimeTableViewCell.xib */ = {isa = PBXFileReference; lastKnownFileType = file.xib; path = UpdateTimeTableViewCell.xib; sourceTree = "<group>"; };
		B506EBC72562306400372198 /* UpdateBackgroundColorTableViewCell.swift */ = {isa = PBXFileReference; lastKnownFileType = sourcecode.swift; path = UpdateBackgroundColorTableViewCell.swift; sourceTree = "<group>"; };
		B506EBC82562306400372198 /* UpdateBackgroundColorTableViewCell.xib */ = {isa = PBXFileReference; lastKnownFileType = file.xib; path = UpdateBackgroundColorTableViewCell.xib; sourceTree = "<group>"; };
		B509566E256DDCC30075ACE9 /* DateHelper.swift */ = {isa = PBXFileReference; lastKnownFileType = sourcecode.swift; path = DateHelper.swift; sourceTree = "<group>"; };
		B5095674256DDD380075ACE9 /* Notification.swift */ = {isa = PBXFileReference; lastKnownFileType = sourcecode.swift; path = Notification.swift; sourceTree = "<group>"; };
		B509567A256DDD6B0075ACE9 /* NotificationTrigger.swift */ = {isa = PBXFileReference; lastKnownFileType = sourcecode.swift; path = NotificationTrigger.swift; sourceTree = "<group>"; };
		B50956A7256DED9B0075ACE9 /* SplashScreen_.png */ = {isa = PBXFileReference; lastKnownFileType = image.png; path = SplashScreen_.png; sourceTree = "<group>"; };
		B50956A8256DED9B0075ACE9 /* SplashScreen_@3x.png */ = {isa = PBXFileReference; lastKnownFileType = image.png; path = "SplashScreen_@3x.png"; sourceTree = "<group>"; };
		B50956A9256DED9B0075ACE9 /* SplashScreen_@2x.png */ = {isa = PBXFileReference; lastKnownFileType = image.png; path = "SplashScreen_@2x.png"; sourceTree = "<group>"; };
		B547A82625870AC300938A09 /* UXCam.xcframework */ = {isa = PBXFileReference; lastKnownFileType = wrapper.xcframework; path = UXCam.xcframework; sourceTree = "<group>"; };
		B547A82C25870AD100938A09 /* AVFoundation.framework */ = {isa = PBXFileReference; lastKnownFileType = wrapper.framework; name = AVFoundation.framework; path = System/Library/Frameworks/AVFoundation.framework; sourceTree = SDKROOT; };
		B547A82E25870ADC00938A09 /* Security.framework */ = {isa = PBXFileReference; lastKnownFileType = wrapper.framework; name = Security.framework; path = System/Library/Frameworks/Security.framework; sourceTree = SDKROOT; };
		B547A83425870AE300938A09 /* CoreGraphics.framework */ = {isa = PBXFileReference; lastKnownFileType = wrapper.framework; name = CoreGraphics.framework; path = System/Library/Frameworks/CoreGraphics.framework; sourceTree = SDKROOT; };
		B547A83625870AEA00938A09 /* CoreMedia.framework */ = {isa = PBXFileReference; lastKnownFileType = wrapper.framework; name = CoreMedia.framework; path = System/Library/Frameworks/CoreMedia.framework; sourceTree = SDKROOT; };
		B547A83825870AF100938A09 /* CoreTelephony.framework */ = {isa = PBXFileReference; lastKnownFileType = wrapper.framework; name = CoreTelephony.framework; path = System/Library/Frameworks/CoreTelephony.framework; sourceTree = SDKROOT; };
		B547A83A25870AF800938A09 /* MobileCoreServices.framework */ = {isa = PBXFileReference; lastKnownFileType = wrapper.framework; name = MobileCoreServices.framework; path = System/Library/Frameworks/MobileCoreServices.framework; sourceTree = SDKROOT; };
		B547A83C25870AFD00938A09 /* QuartzCore.framework */ = {isa = PBXFileReference; lastKnownFileType = wrapper.framework; name = QuartzCore.framework; path = System/Library/Frameworks/QuartzCore.framework; sourceTree = SDKROOT; };
		B547A83E25870B0400938A09 /* SystemConfiguration.framework */ = {isa = PBXFileReference; lastKnownFileType = wrapper.framework; name = SystemConfiguration.framework; path = System/Library/Frameworks/SystemConfiguration.framework; sourceTree = SDKROOT; };
		B547A84025870B0A00938A09 /* WebKit.framework */ = {isa = PBXFileReference; lastKnownFileType = wrapper.framework; name = WebKit.framework; path = System/Library/Frameworks/WebKit.framework; sourceTree = SDKROOT; };
		B547A84225870B1100938A09 /* libz.tbd */ = {isa = PBXFileReference; lastKnownFileType = "sourcecode.text-based-dylib-definition"; name = libz.tbd; path = usr/lib/libz.tbd; sourceTree = SDKROOT; };
		B5517C71255FAFC500E134CC /* 句句.app */ = {isa = PBXFileReference; explicitFileType = wrapper.application; includeInIndex = 0; path = "句句.app"; sourceTree = BUILT_PRODUCTS_DIR; };
		B5517C74255FAFC500E134CC /* AppDelegate.swift */ = {isa = PBXFileReference; lastKnownFileType = sourcecode.swift; path = AppDelegate.swift; sourceTree = "<group>"; };
		B5517C76255FAFC500E134CC /* SceneDelegate.swift */ = {isa = PBXFileReference; lastKnownFileType = sourcecode.swift; path = SceneDelegate.swift; sourceTree = "<group>"; };
		B5517C78255FAFC500E134CC /* ViewController.swift */ = {isa = PBXFileReference; lastKnownFileType = sourcecode.swift; path = ViewController.swift; sourceTree = "<group>"; };
		B5517C7B255FAFC500E134CC /* Base */ = {isa = PBXFileReference; lastKnownFileType = file.storyboard; name = Base; path = Base.lproj/Main.storyboard; sourceTree = "<group>"; };
		B5517C7D255FAFC500E134CC /* Assets.xcassets */ = {isa = PBXFileReference; lastKnownFileType = folder.assetcatalog; path = Assets.xcassets; sourceTree = "<group>"; };
		B5517C80255FAFC600E134CC /* Base */ = {isa = PBXFileReference; lastKnownFileType = file.storyboard; name = Base; path = Base.lproj/LaunchScreen.storyboard; sourceTree = "<group>"; };
		B5517C82255FAFC600E134CC /* Info.plist */ = {isa = PBXFileReference; lastKnownFileType = text.plist.xml; path = Info.plist; sourceTree = "<group>"; };
		B5517C87255FAFC600E134CC /* 句句Tests.xctest */ = {isa = PBXFileReference; explicitFileType = wrapper.cfbundle; includeInIndex = 0; path = "句句Tests.xctest"; sourceTree = BUILT_PRODUCTS_DIR; };
		B5517C8B255FAFC600E134CC /* __Tests.swift */ = {isa = PBXFileReference; lastKnownFileType = sourcecode.swift; path = __Tests.swift; sourceTree = "<group>"; };
		B5517C8D255FAFC600E134CC /* Info.plist */ = {isa = PBXFileReference; lastKnownFileType = text.plist.xml; path = Info.plist; sourceTree = "<group>"; };
		B5517C92255FAFC600E134CC /* 句句UITests.xctest */ = {isa = PBXFileReference; explicitFileType = wrapper.cfbundle; includeInIndex = 0; path = "句句UITests.xctest"; sourceTree = BUILT_PRODUCTS_DIR; };
		B5517C96255FAFC600E134CC /* __UITests.swift */ = {isa = PBXFileReference; lastKnownFileType = sourcecode.swift; path = __UITests.swift; sourceTree = "<group>"; };
		B5517C98255FAFC600E134CC /* Info.plist */ = {isa = PBXFileReference; lastKnownFileType = text.plist.xml; path = Info.plist; sourceTree = "<group>"; };
		B5517CB4255FB73400E134CC /* SettingViewController.swift */ = {isa = PBXFileReference; lastKnownFileType = sourcecode.swift; path = SettingViewController.swift; sourceTree = "<group>"; };
		B552F4DE256D0449001013BA /* SyncAppWidget.swift */ = {isa = PBXFileReference; lastKnownFileType = sourcecode.swift; path = SyncAppWidget.swift; sourceTree = "<group>"; };
		B5807EFC25678043006052E2 /* firebaseService.swift */ = {isa = PBXFileReference; lastKnownFileType = sourcecode.swift; path = firebaseService.swift; sourceTree = "<group>"; };
		B58FD31C256B737000CBDAB6 /* RatingViewController.swift */ = {isa = PBXFileReference; fileEncoding = 4; lastKnownFileType = sourcecode.swift; path = RatingViewController.swift; sourceTree = "<group>"; };
		B58FD31D256B737100CBDAB6 /* RatingViewController.xib */ = {isa = PBXFileReference; fileEncoding = 4; lastKnownFileType = file.xib; path = RatingViewController.xib; sourceTree = "<group>"; };
		B591B178257087A400C389D9 /* ezgif-3-d2dbde6ebf9a.gif */ = {isa = PBXFileReference; lastKnownFileType = image.gif; path = "ezgif-3-d2dbde6ebf9a.gif"; sourceTree = "<group>"; };
		B591B17E2570A0C100C389D9 /* SyncAppQuotes.swift */ = {isa = PBXFileReference; lastKnownFileType = sourcecode.swift; path = SyncAppQuotes.swift; sourceTree = "<group>"; };
		B591B1892570BE6200C389D9 /* HandleNewUserViewController.swift */ = {isa = PBXFileReference; lastKnownFileType = sourcecode.swift; path = HandleNewUserViewController.swift; sourceTree = "<group>"; };
		B59C53682622F1C5008BFB0A /* OnboardingStoryViewController.swift */ = {isa = PBXFileReference; lastKnownFileType = sourcecode.swift; path = OnboardingStoryViewController.swift; sourceTree = "<group>"; };
		B59E205425669862003A5521 /* WidgetKit.framework */ = {isa = PBXFileReference; lastKnownFileType = wrapper.framework; name = WidgetKit.framework; path = System/Library/Frameworks/WidgetKit.framework; sourceTree = SDKROOT; };
		B59E205625669862003A5521 /* SwiftUI.framework */ = {isa = PBXFileReference; lastKnownFileType = wrapper.framework; name = SwiftUI.framework; path = System/Library/Frameworks/SwiftUI.framework; sourceTree = SDKROOT; };
		B59E20B3256698FB003A5521 /* widgetExtension.appex */ = {isa = PBXFileReference; explicitFileType = "wrapper.app-extension"; includeInIndex = 0; path = widgetExtension.appex; sourceTree = BUILT_PRODUCTS_DIR; };
		B59E20B7256698FB003A5521 /* widget.swift */ = {isa = PBXFileReference; lastKnownFileType = sourcecode.swift; path = widget.swift; sourceTree = "<group>"; };
		B59E20B9256698FB003A5521 /* widget.intentdefinition */ = {isa = PBXFileReference; lastKnownFileType = file.intentdefinition; path = widget.intentdefinition; sourceTree = "<group>"; };
		B59E20BA256698FC003A5521 /* Assets.xcassets */ = {isa = PBXFileReference; lastKnownFileType = folder.assetcatalog; path = Assets.xcassets; sourceTree = "<group>"; };
		B59E20BC256698FC003A5521 /* Info.plist */ = {isa = PBXFileReference; lastKnownFileType = text.plist.xml; path = Info.plist; sourceTree = "<group>"; };
		B59E20D7256741C3003A5521 /* GeegeeWidgetView.swift */ = {isa = PBXFileReference; lastKnownFileType = sourcecode.swift; path = GeegeeWidgetView.swift; sourceTree = "<group>"; };
		B59E212D25674D0A003A5521 /* Quote.swift */ = {isa = PBXFileReference; lastKnownFileType = sourcecode.swift; path = Quote.swift; sourceTree = "<group>"; };
		B59E216625675E65003A5521 /* 句句.entitlements */ = {isa = PBXFileReference; lastKnownFileType = text.plist.entitlements; path = "句句.entitlements"; sourceTree = "<group>"; };
		B59E216B25675F8F003A5521 /* widgetExtension.entitlements */ = {isa = PBXFileReference; lastKnownFileType = text.plist.entitlements; path = widgetExtension.entitlements; sourceTree = "<group>"; };
		B59E218E2567657F003A5521 /* UserDefaultsExtention.swift */ = {isa = PBXFileReference; lastKnownFileType = sourcecode.swift; path = UserDefaultsExtention.swift; sourceTree = "<group>"; };
		B59E21C125676F85003A5521 /* GoogleService-Info.plist */ = {isa = PBXFileReference; fileEncoding = 4; lastKnownFileType = text.plist.xml; path = "GoogleService-Info.plist"; sourceTree = "<group>"; };
		B5AF87392571209C008A3BBC /* videoTutorialViewController.swift */ = {isa = PBXFileReference; lastKnownFileType = sourcecode.swift; path = videoTutorialViewController.swift; sourceTree = "<group>"; };
		B5B49785256A6B1400570D84 /* Onboarding_1ViewController.swift */ = {isa = PBXFileReference; lastKnownFileType = sourcecode.swift; path = Onboarding_1ViewController.swift; sourceTree = "<group>"; };
		B5B4978B256A6DDE00570D84 /* Onboarding_2ViewController.swift */ = {isa = PBXFileReference; lastKnownFileType = sourcecode.swift; path = Onboarding_2ViewController.swift; sourceTree = "<group>"; };
		B5B49791256A6F2900570D84 /* Onboarding_3ViewController.swift */ = {isa = PBXFileReference; lastKnownFileType = sourcecode.swift; path = Onboarding_3ViewController.swift; sourceTree = "<group>"; };
		B5C321D82629685D00CB530C /* TutorialViewController.swift */ = {isa = PBXFileReference; lastKnownFileType = sourcecode.swift; path = TutorialViewController.swift; sourceTree = "<group>"; };
		B5D3845C256BED8100B1A507 /* qiji-combo.ttf */ = {isa = PBXFileReference; lastKnownFileType = file; path = "qiji-combo.ttf"; sourceTree = "<group>"; };
		B5DF1B36257DDE5D001F95CC /* zh-Hans */ = {isa = PBXFileReference; lastKnownFileType = text.plist.strings; name = "zh-Hans"; path = "zh-Hans.lproj/Main.strings"; sourceTree = "<group>"; };
		B5DF1B3B257DDE5D001F95CC /* zh-Hans */ = {isa = PBXFileReference; lastKnownFileType = text.plist.strings; name = "zh-Hans"; path = "zh-Hans.lproj/LaunchScreen.strings"; sourceTree = "<group>"; };
		B5DF562D256F2C01004A24D8 /* Date.swift */ = {isa = PBXFileReference; lastKnownFileType = sourcecode.swift; path = Date.swift; sourceTree = "<group>"; };
		B5E8973525655F1F00D470E2 /* ShareViewController.swift */ = {isa = PBXFileReference; lastKnownFileType = sourcecode.swift; path = ShareViewController.swift; sourceTree = "<group>"; };
		DCF7186A53EBC6D09E4851D9 /* Pods-句句Tests.release.xcconfig */ = {isa = PBXFileReference; includeInIndex = 1; lastKnownFileType = text.xcconfig; name = "Pods-句句Tests.release.xcconfig"; path = "Target Support Files/Pods-句句Tests/Pods-句句Tests.release.xcconfig"; sourceTree = "<group>"; };
		E397A54294B3BE2C22FCEFEF /* Pods-句句Tests.debug.xcconfig */ = {isa = PBXFileReference; includeInIndex = 1; lastKnownFileType = text.xcconfig; name = "Pods-句句Tests.debug.xcconfig"; path = "Target Support Files/Pods-句句Tests/Pods-句句Tests.debug.xcconfig"; sourceTree = "<group>"; };
/* End PBXFileReference section */

/* Begin PBXFrameworksBuildPhase section */
		B5517C6E255FAFC500E134CC /* Frameworks */ = {
			isa = PBXFrameworksBuildPhase;
			buildActionMask = 2147483647;
			files = (
				B547A84325870B1100938A09 /* libz.tbd in Frameworks */,
				B547A84125870B0A00938A09 /* WebKit.framework in Frameworks */,
				B547A83F25870B0400938A09 /* SystemConfiguration.framework in Frameworks */,
				B547A83D25870AFD00938A09 /* QuartzCore.framework in Frameworks */,
				B547A83B25870AF800938A09 /* MobileCoreServices.framework in Frameworks */,
				B547A83925870AF100938A09 /* CoreTelephony.framework in Frameworks */,
				B547A83725870AEA00938A09 /* CoreMedia.framework in Frameworks */,
				B547A83525870AE300938A09 /* CoreGraphics.framework in Frameworks */,
				B547A82F25870ADC00938A09 /* Security.framework in Frameworks */,
				B547A82D25870AD100938A09 /* AVFoundation.framework in Frameworks */,
				B547A82725870AC300938A09 /* UXCam.xcframework in Frameworks */,
			);
			runOnlyForDeploymentPostprocessing = 0;
		};
		B5517C84255FAFC600E134CC /* Frameworks */ = {
			isa = PBXFrameworksBuildPhase;
			buildActionMask = 2147483647;
			files = (
				72F3AD242D3D44083A9E8D87 /* Pods___Tests.framework in Frameworks */,
			);
			runOnlyForDeploymentPostprocessing = 0;
		};
		B5517C8F255FAFC600E134CC /* Frameworks */ = {
			isa = PBXFrameworksBuildPhase;
			buildActionMask = 2147483647;
			files = (
				D6BA2AD64FFDCA5867436DF3 /* Pods______UITests.framework in Frameworks */,
			);
			runOnlyForDeploymentPostprocessing = 0;
		};
		B59E20B0256698FB003A5521 /* Frameworks */ = {
			isa = PBXFrameworksBuildPhase;
			buildActionMask = 2147483647;
			files = (
				B59E20B5256698FB003A5521 /* SwiftUI.framework in Frameworks */,
				B59E20B4256698FB003A5521 /* WidgetKit.framework in Frameworks */,
				A0E4F96D7CD6E92B33D952B5 /* Pods_widgetExtension.framework in Frameworks */,
			);
			runOnlyForDeploymentPostprocessing = 0;
		};
/* End PBXFrameworksBuildPhase section */

/* Begin PBXGroup section */
		37481A9DF41FAD063C5AF12C /* Frameworks */ = {
			isa = PBXGroup;
			children = (
				B547A84225870B1100938A09 /* libz.tbd */,
				B547A84025870B0A00938A09 /* WebKit.framework */,
				B547A83E25870B0400938A09 /* SystemConfiguration.framework */,
				B547A83C25870AFD00938A09 /* QuartzCore.framework */,
				B547A83A25870AF800938A09 /* MobileCoreServices.framework */,
				B547A83825870AF100938A09 /* CoreTelephony.framework */,
				B547A83625870AEA00938A09 /* CoreMedia.framework */,
				B547A83425870AE300938A09 /* CoreGraphics.framework */,
				B547A82E25870ADC00938A09 /* Security.framework */,
				B547A82C25870AD100938A09 /* AVFoundation.framework */,
				B59E205425669862003A5521 /* WidgetKit.framework */,
				B59E205625669862003A5521 /* SwiftUI.framework */,
				8E3267DB66BA5758043C3B4D /* Pods_widgetExtension.framework */,
				31F9B7CA8B814DAFEF24091A /* Pods___.framework */,
				619F50BB0B2A025437AC921D /* Pods______UITests.framework */,
				AC0CDD0A5499360F957B3670 /* Pods___Tests.framework */,
			);
			name = Frameworks;
			sourceTree = "<group>";
		};
		47562C4876548C93C05848F5 /* Pods */ = {
			isa = PBXGroup;
			children = (
				93E7B2345F025ABE51C1F834 /* Pods-widgetExtension.debug.xcconfig */,
				AE2EE0894DBCDBF3D0343BEB /* Pods-widgetExtension.release.xcconfig */,
				76C1FFF8025718B5E3C32ABF /* Pods-句句.debug.xcconfig */,
				8AEFDDD1013480BF1E62BD22 /* Pods-句句.release.xcconfig */,
				1F8216110A639BD5CDB2A60E /* Pods-句句-句句UITests.debug.xcconfig */,
				59E3CD7BFCEC51B39F0ACDF7 /* Pods-句句-句句UITests.release.xcconfig */,
				E397A54294B3BE2C22FCEFEF /* Pods-句句Tests.debug.xcconfig */,
				DCF7186A53EBC6D09E4851D9 /* Pods-句句Tests.release.xcconfig */,
			);
			path = Pods;
			sourceTree = "<group>";
		};
		B5517C68255FAFC400E134CC = {
			isa = PBXGroup;
			children = (
				B59E216B25675F8F003A5521 /* widgetExtension.entitlements */,
				B547A82625870AC300938A09 /* UXCam.xcframework */,
				B5517C73255FAFC500E134CC /* 句句 */,
				B5517C8A255FAFC600E134CC /* 句句Tests */,
				B5517C95255FAFC600E134CC /* 句句UITests */,
				B59E20B6256698FB003A5521 /* widget */,
				B5517C72255FAFC500E134CC /* Products */,
				47562C4876548C93C05848F5 /* Pods */,
				37481A9DF41FAD063C5AF12C /* Frameworks */,
			);
			sourceTree = "<group>";
		};
		B5517C72255FAFC500E134CC /* Products */ = {
			isa = PBXGroup;
			children = (
				B5517C71255FAFC500E134CC /* 句句.app */,
				B5517C87255FAFC600E134CC /* 句句Tests.xctest */,
				B5517C92255FAFC600E134CC /* 句句UITests.xctest */,
				B59E20B3256698FB003A5521 /* widgetExtension.appex */,
			);
			name = Products;
			sourceTree = "<group>";
		};
		B5517C73255FAFC500E134CC /* 句句 */ = {
			isa = PBXGroup;
			children = (
				B59E21C125676F85003A5521 /* GoogleService-Info.plist */,
				B59E216625675E65003A5521 /* 句句.entitlements */,
				B5517C74255FAFC500E134CC /* AppDelegate.swift */,
				B5517C76255FAFC500E134CC /* SceneDelegate.swift */,
				B5517C78255FAFC500E134CC /* ViewController.swift */,
				B5D3845C256BED8100B1A507 /* qiji-combo.ttf */,
				B59E212D25674D0A003A5521 /* Quote.swift */,
				B5517C7A255FAFC500E134CC /* Main.storyboard */,
				B5AF87392571209C008A3BBC /* videoTutorialViewController.swift */,
				B591B1892570BE6200C389D9 /* HandleNewUserViewController.swift */,
				B5E8973525655F1F00D470E2 /* ShareViewController.swift */,
				B5517CB4255FB73400E134CC /* SettingViewController.swift */,
				B58FD31C256B737000CBDAB6 /* RatingViewController.swift */,
				B58FD31D256B737100CBDAB6 /* RatingViewController.xib */,
				B5517C7D255FAFC500E134CC /* Assets.xcassets */,
				B591B178257087A400C389D9 /* ezgif-3-d2dbde6ebf9a.gif */,
				B50956A7256DED9B0075ACE9 /* SplashScreen_.png */,
				B50956A9256DED9B0075ACE9 /* SplashScreen_@2x.png */,
				B50956A8256DED9B0075ACE9 /* SplashScreen_@3x.png */,
				B5517C7F255FAFC600E134CC /* LaunchScreen.storyboard */,
				B5517C82255FAFC600E134CC /* Info.plist */,
				B506EBB125622E0700372198 /* NotificationTableViewCell.swift */,
				B506EBB225622E0700372198 /* NotificationTableViewCell.xib */,
				B506EBC025622FF800372198 /* UpdateTimeTableViewCell.swift */,
				B506EBC125622FF800372198 /* UpdateTimeTableViewCell.xib */,
				B506EBC72562306400372198 /* UpdateBackgroundColorTableViewCell.swift */,
				B506EBC82562306400372198 /* UpdateBackgroundColorTableViewCell.xib */,
				B59E218E2567657F003A5521 /* UserDefaultsExtention.swift */,
				B5B49785256A6B1400570D84 /* Onboarding_1ViewController.swift */,
				B5B4978B256A6DDE00570D84 /* Onboarding_2ViewController.swift */,
				B5B49791256A6F2900570D84 /* Onboarding_3ViewController.swift */,
				B5095674256DDD380075ACE9 /* Notification.swift */,
				B509567A256DDD6B0075ACE9 /* NotificationTrigger.swift */,
				B552F4DE256D0449001013BA /* SyncAppWidget.swift */,
				B509566E256DDCC30075ACE9 /* DateHelper.swift */,
				B591B17E2570A0C100C389D9 /* SyncAppQuotes.swift */,
				B59C53682622F1C5008BFB0A /* OnboardingStoryViewController.swift */,
				B5C321D82629685D00CB530C /* TutorialViewController.swift */,
			);
			path = "句句";
			sourceTree = "<group>";
		};
		B5517C8A255FAFC600E134CC /* 句句Tests */ = {
			isa = PBXGroup;
			children = (
				B5517C8B255FAFC600E134CC /* __Tests.swift */,
				B5517C8D255FAFC600E134CC /* Info.plist */,
			);
			path = "句句Tests";
			sourceTree = "<group>";
		};
		B5517C95255FAFC600E134CC /* 句句UITests */ = {
			isa = PBXGroup;
			children = (
				B5517C96255FAFC600E134CC /* __UITests.swift */,
				B5517C98255FAFC600E134CC /* Info.plist */,
			);
			path = "句句UITests";
			sourceTree = "<group>";
		};
		B59E20B6256698FB003A5521 /* widget */ = {
			isa = PBXGroup;
			children = (
				B59E20B7256698FB003A5521 /* widget.swift */,
				B59E20B9256698FB003A5521 /* widget.intentdefinition */,
				B59E20BA256698FC003A5521 /* Assets.xcassets */,
				B59E20BC256698FC003A5521 /* Info.plist */,
				B59E20D7256741C3003A5521 /* GeegeeWidgetView.swift */,
				B5807EFC25678043006052E2 /* firebaseService.swift */,
				B5DF562D256F2C01004A24D8 /* Date.swift */,
			);
			path = widget;
			sourceTree = "<group>";
		};
/* End PBXGroup section */

/* Begin PBXNativeTarget section */
		B5517C70255FAFC500E134CC /* 句句 */ = {
			isa = PBXNativeTarget;
			buildConfigurationList = B5517C9B255FAFC600E134CC /* Build configuration list for PBXNativeTarget "句句" */;
			buildPhases = (
				F364103C8A1137B060D9D1D6 /* [CP] Check Pods Manifest.lock */,
				B5517C6D255FAFC500E134CC /* Sources */,
				B5517C6E255FAFC500E134CC /* Frameworks */,
				B5517C6F255FAFC500E134CC /* Resources */,
				B59E206425669864003A5521 /* Embed App Extensions */,
				67878E15FD32A65997D4540A /* [CP] Embed Pods Frameworks */,
			);
			buildRules = (
			);
			dependencies = (
				B59E20C0256698FC003A5521 /* PBXTargetDependency */,
			);
			name = "句句";
			productName = "句句";
			productReference = B5517C71255FAFC500E134CC /* 句句.app */;
			productType = "com.apple.product-type.application";
		};
		B5517C86255FAFC600E134CC /* 句句Tests */ = {
			isa = PBXNativeTarget;
			buildConfigurationList = B5517C9E255FAFC600E134CC /* Build configuration list for PBXNativeTarget "句句Tests" */;
			buildPhases = (
				912BF3C81E3557E8A21C12A7 /* [CP] Check Pods Manifest.lock */,
				B5517C83255FAFC600E134CC /* Sources */,
				B5517C84255FAFC600E134CC /* Frameworks */,
				B5517C85255FAFC600E134CC /* Resources */,
			);
			buildRules = (
			);
			dependencies = (
				B5517C89255FAFC600E134CC /* PBXTargetDependency */,
			);
			name = "句句Tests";
			productName = "句句Tests";
			productReference = B5517C87255FAFC600E134CC /* 句句Tests.xctest */;
			productType = "com.apple.product-type.bundle.unit-test";
		};
		B5517C91255FAFC600E134CC /* 句句UITests */ = {
			isa = PBXNativeTarget;
			buildConfigurationList = B5517CA1255FAFC600E134CC /* Build configuration list for PBXNativeTarget "句句UITests" */;
			buildPhases = (
				BAEF4189E04E4A412741AB83 /* [CP] Check Pods Manifest.lock */,
				B5517C8E255FAFC600E134CC /* Sources */,
				B5517C8F255FAFC600E134CC /* Frameworks */,
				B5517C90255FAFC600E134CC /* Resources */,
				BFEB0BC6E40A01C81A78C18F /* [CP] Embed Pods Frameworks */,
			);
			buildRules = (
			);
			dependencies = (
				B5517C94255FAFC600E134CC /* PBXTargetDependency */,
			);
			name = "句句UITests";
			productName = "句句UITests";
			productReference = B5517C92255FAFC600E134CC /* 句句UITests.xctest */;
			productType = "com.apple.product-type.bundle.ui-testing";
		};
		B59E20B2256698FB003A5521 /* widgetExtension */ = {
			isa = PBXNativeTarget;
			buildConfigurationList = B59E20C2256698FC003A5521 /* Build configuration list for PBXNativeTarget "widgetExtension" */;
			buildPhases = (
				415F2F5EF15EA034EDD02D27 /* [CP] Check Pods Manifest.lock */,
				B59E20AF256698FB003A5521 /* Sources */,
				B59E20B0256698FB003A5521 /* Frameworks */,
				B59E20B1256698FB003A5521 /* Resources */,
			);
			buildRules = (
			);
			dependencies = (
			);
			name = widgetExtension;
			productName = widgetExtension;
			productReference = B59E20B3256698FB003A5521 /* widgetExtension.appex */;
			productType = "com.apple.product-type.app-extension";
		};
/* End PBXNativeTarget section */

/* Begin PBXProject section */
		B5517C69255FAFC400E134CC /* Project object */ = {
			isa = PBXProject;
			attributes = {
				LastSwiftUpdateCheck = 1220;
				LastUpgradeCheck = 1210;
				TargetAttributes = {
					B5517C70255FAFC500E134CC = {
						CreatedOnToolsVersion = 12.1;
					};
					B5517C86255FAFC600E134CC = {
						CreatedOnToolsVersion = 12.1;
					};
					B5517C91255FAFC600E134CC = {
						CreatedOnToolsVersion = 12.1;
					};
					B59E20B2256698FB003A5521 = {
						CreatedOnToolsVersion = 12.2;
					};
				};
			};
			buildConfigurationList = B5517C6C255FAFC400E134CC /* Build configuration list for PBXProject "句句" */;
			compatibilityVersion = "Xcode 9.3";
			developmentRegion = en;
			hasScannedForEncodings = 0;
			knownRegions = (
				en,
				Base,
				"zh-Hans",
			);
			mainGroup = B5517C68255FAFC400E134CC;
			productRefGroup = B5517C72255FAFC500E134CC /* Products */;
			projectDirPath = "";
			projectRoot = "";
			targets = (
				B5517C70255FAFC500E134CC /* 句句 */,
				B5517C86255FAFC600E134CC /* 句句Tests */,
				B5517C91255FAFC600E134CC /* 句句UITests */,
				B59E20B2256698FB003A5521 /* widgetExtension */,
			);
		};
/* End PBXProject section */

/* Begin PBXResourcesBuildPhase section */
		B5517C6F255FAFC500E134CC /* Resources */ = {
			isa = PBXResourcesBuildPhase;
			buildActionMask = 2147483647;
			files = (
				B54E7F4B2587000D00F56C60 /* UpdateBackgroundColorTableViewCell.xib in Resources */,
				B54E7F462587000800F56C60 /* GoogleService-Info.plist in Resources */,
				B591B179257087A400C389D9 /* ezgif-3-d2dbde6ebf9a.gif in Resources */,
				B58FD31F256B737100CBDAB6 /* RatingViewController.xib in Resources */,
				B50956AA256DED9B0075ACE9 /* SplashScreen_.png in Resources */,
				B506EBB425622E0700372198 /* NotificationTableViewCell.xib in Resources */,
				B506EBC325622FF800372198 /* UpdateTimeTableViewCell.xib in Resources */,
				B5D3845D256BED8200B1A507 /* qiji-combo.ttf in Resources */,
				B50956AC256DED9B0075ACE9 /* SplashScreen_@2x.png in Resources */,
				B50956AB256DED9B0075ACE9 /* SplashScreen_@3x.png in Resources */,
				B5517C81255FAFC600E134CC /* LaunchScreen.storyboard in Resources */,
				B5517C7E255FAFC500E134CC /* Assets.xcassets in Resources */,
				B5517C7C255FAFC500E134CC /* Main.storyboard in Resources */,
			);
			runOnlyForDeploymentPostprocessing = 0;
		};
		B5517C85255FAFC600E134CC /* Resources */ = {
			isa = PBXResourcesBuildPhase;
			buildActionMask = 2147483647;
			files = (
			);
			runOnlyForDeploymentPostprocessing = 0;
		};
		B5517C90255FAFC600E134CC /* Resources */ = {
			isa = PBXResourcesBuildPhase;
			buildActionMask = 2147483647;
			files = (
			);
			runOnlyForDeploymentPostprocessing = 0;
		};
		B59E20B1256698FB003A5521 /* Resources */ = {
			isa = PBXResourcesBuildPhase;
			buildActionMask = 2147483647;
			files = (
				B5D3845E256BED8200B1A507 /* qiji-combo.ttf in Resources */,
				B59E21C325676F85003A5521 /* GoogleService-Info.plist in Resources */,
				B59E20BB256698FC003A5521 /* Assets.xcassets in Resources */,
			);
			runOnlyForDeploymentPostprocessing = 0;
		};
/* End PBXResourcesBuildPhase section */

/* Begin PBXShellScriptBuildPhase section */
		415F2F5EF15EA034EDD02D27 /* [CP] Check Pods Manifest.lock */ = {
			isa = PBXShellScriptBuildPhase;
			buildActionMask = 2147483647;
			files = (
			);
			inputFileListPaths = (
			);
			inputPaths = (
				"${PODS_PODFILE_DIR_PATH}/Podfile.lock",
				"${PODS_ROOT}/Manifest.lock",
			);
			name = "[CP] Check Pods Manifest.lock";
			outputFileListPaths = (
			);
			outputPaths = (
				"$(DERIVED_FILE_DIR)/Pods-widgetExtension-checkManifestLockResult.txt",
			);
			runOnlyForDeploymentPostprocessing = 0;
			shellPath = /bin/sh;
			shellScript = "diff \"${PODS_PODFILE_DIR_PATH}/Podfile.lock\" \"${PODS_ROOT}/Manifest.lock\" > /dev/null\nif [ $? != 0 ] ; then\n    # print error to STDERR\n    echo \"error: The sandbox is not in sync with the Podfile.lock. Run 'pod install' or update your CocoaPods installation.\" >&2\n    exit 1\nfi\n# This output is used by Xcode 'outputs' to avoid re-running this script phase.\necho \"SUCCESS\" > \"${SCRIPT_OUTPUT_FILE_0}\"\n";
			showEnvVarsInLog = 0;
		};
		67878E15FD32A65997D4540A /* [CP] Embed Pods Frameworks */ = {
			isa = PBXShellScriptBuildPhase;
			buildActionMask = 2147483647;
			files = (
			);
			inputFileListPaths = (
				"${PODS_ROOT}/Target Support Files/Pods-句句/Pods-句句-frameworks-${CONFIGURATION}-input-files.xcfilelist",
			);
			name = "[CP] Embed Pods Frameworks";
			outputFileListPaths = (
				"${PODS_ROOT}/Target Support Files/Pods-句句/Pods-句句-frameworks-${CONFIGURATION}-output-files.xcfilelist",
			);
			runOnlyForDeploymentPostprocessing = 0;
			shellPath = /bin/sh;
			shellScript = "\"${PODS_ROOT}/Target Support Files/Pods-句句/Pods-句句-frameworks.sh\"\n";
			showEnvVarsInLog = 0;
		};
		912BF3C81E3557E8A21C12A7 /* [CP] Check Pods Manifest.lock */ = {
			isa = PBXShellScriptBuildPhase;
			buildActionMask = 2147483647;
			files = (
			);
			inputFileListPaths = (
			);
			inputPaths = (
				"${PODS_PODFILE_DIR_PATH}/Podfile.lock",
				"${PODS_ROOT}/Manifest.lock",
			);
			name = "[CP] Check Pods Manifest.lock";
			outputFileListPaths = (
			);
			outputPaths = (
				"$(DERIVED_FILE_DIR)/Pods-句句Tests-checkManifestLockResult.txt",
			);
			runOnlyForDeploymentPostprocessing = 0;
			shellPath = /bin/sh;
			shellScript = "diff \"${PODS_PODFILE_DIR_PATH}/Podfile.lock\" \"${PODS_ROOT}/Manifest.lock\" > /dev/null\nif [ $? != 0 ] ; then\n    # print error to STDERR\n    echo \"error: The sandbox is not in sync with the Podfile.lock. Run 'pod install' or update your CocoaPods installation.\" >&2\n    exit 1\nfi\n# This output is used by Xcode 'outputs' to avoid re-running this script phase.\necho \"SUCCESS\" > \"${SCRIPT_OUTPUT_FILE_0}\"\n";
			showEnvVarsInLog = 0;
		};
		BAEF4189E04E4A412741AB83 /* [CP] Check Pods Manifest.lock */ = {
			isa = PBXShellScriptBuildPhase;
			buildActionMask = 2147483647;
			files = (
			);
			inputFileListPaths = (
			);
			inputPaths = (
				"${PODS_PODFILE_DIR_PATH}/Podfile.lock",
				"${PODS_ROOT}/Manifest.lock",
			);
			name = "[CP] Check Pods Manifest.lock";
			outputFileListPaths = (
			);
			outputPaths = (
				"$(DERIVED_FILE_DIR)/Pods-句句-句句UITests-checkManifestLockResult.txt",
			);
			runOnlyForDeploymentPostprocessing = 0;
			shellPath = /bin/sh;
			shellScript = "diff \"${PODS_PODFILE_DIR_PATH}/Podfile.lock\" \"${PODS_ROOT}/Manifest.lock\" > /dev/null\nif [ $? != 0 ] ; then\n    # print error to STDERR\n    echo \"error: The sandbox is not in sync with the Podfile.lock. Run 'pod install' or update your CocoaPods installation.\" >&2\n    exit 1\nfi\n# This output is used by Xcode 'outputs' to avoid re-running this script phase.\necho \"SUCCESS\" > \"${SCRIPT_OUTPUT_FILE_0}\"\n";
			showEnvVarsInLog = 0;
		};
		BFEB0BC6E40A01C81A78C18F /* [CP] Embed Pods Frameworks */ = {
			isa = PBXShellScriptBuildPhase;
			buildActionMask = 2147483647;
			files = (
			);
			inputFileListPaths = (
				"${PODS_ROOT}/Target Support Files/Pods-句句-句句UITests/Pods-句句-句句UITests-frameworks-${CONFIGURATION}-input-files.xcfilelist",
			);
			name = "[CP] Embed Pods Frameworks";
			outputFileListPaths = (
				"${PODS_ROOT}/Target Support Files/Pods-句句-句句UITests/Pods-句句-句句UITests-frameworks-${CONFIGURATION}-output-files.xcfilelist",
			);
			runOnlyForDeploymentPostprocessing = 0;
			shellPath = /bin/sh;
			shellScript = "\"${PODS_ROOT}/Target Support Files/Pods-句句-句句UITests/Pods-句句-句句UITests-frameworks.sh\"\n";
			showEnvVarsInLog = 0;
		};
		F364103C8A1137B060D9D1D6 /* [CP] Check Pods Manifest.lock */ = {
			isa = PBXShellScriptBuildPhase;
			buildActionMask = 2147483647;
			files = (
			);
			inputFileListPaths = (
			);
			inputPaths = (
				"${PODS_PODFILE_DIR_PATH}/Podfile.lock",
				"${PODS_ROOT}/Manifest.lock",
			);
			name = "[CP] Check Pods Manifest.lock";
			outputFileListPaths = (
			);
			outputPaths = (
				"$(DERIVED_FILE_DIR)/Pods-句句-checkManifestLockResult.txt",
			);
			runOnlyForDeploymentPostprocessing = 0;
			shellPath = /bin/sh;
			shellScript = "diff \"${PODS_PODFILE_DIR_PATH}/Podfile.lock\" \"${PODS_ROOT}/Manifest.lock\" > /dev/null\nif [ $? != 0 ] ; then\n    # print error to STDERR\n    echo \"error: The sandbox is not in sync with the Podfile.lock. Run 'pod install' or update your CocoaPods installation.\" >&2\n    exit 1\nfi\n# This output is used by Xcode 'outputs' to avoid re-running this script phase.\necho \"SUCCESS\" > \"${SCRIPT_OUTPUT_FILE_0}\"\n";
			showEnvVarsInLog = 0;
		};
/* End PBXShellScriptBuildPhase section */

/* Begin PBXSourcesBuildPhase section */
		B5517C6D255FAFC500E134CC /* Sources */ = {
			isa = PBXSourcesBuildPhase;
			buildActionMask = 2147483647;
			files = (
				B59E213D256756CA003A5521 /* GeegeeWidgetView.swift in Sources */,
				B5B49786256A6B1400570D84 /* Onboarding_1ViewController.swift in Sources */,
				B5517C79255FAFC500E134CC /* ViewController.swift in Sources */,
				B58FD31E256B737100CBDAB6 /* RatingViewController.swift in Sources */,
				B5B4978C256A6DDE00570D84 /* Onboarding_2ViewController.swift in Sources */,
				B506EBC225622FF800372198 /* UpdateTimeTableViewCell.swift in Sources */,
				B5C321D92629685D00CB530C /* TutorialViewController.swift in Sources */,
				B506EBB325622E0700372198 /* NotificationTableViewCell.swift in Sources */,
				B5517C75255FAFC500E134CC /* AppDelegate.swift in Sources */,
				B509566F256DDCC30075ACE9 /* DateHelper.swift in Sources */,
				B59E212E25674D0A003A5521 /* Quote.swift in Sources */,
				B5517C77255FAFC500E134CC /* SceneDelegate.swift in Sources */,
				B509567B256DDD6B0075ACE9 /* NotificationTrigger.swift in Sources */,
				B59E218F2567657F003A5521 /* UserDefaultsExtention.swift in Sources */,
				B591B17F2570A0C100C389D9 /* SyncAppQuotes.swift in Sources */,
				B552F4DF256D0449001013BA /* SyncAppWidget.swift in Sources */,
				B5517CB5255FB73400E134CC /* SettingViewController.swift in Sources */,
				B59C53692622F1C5008BFB0A /* OnboardingStoryViewController.swift in Sources */,
				B5E8973625655F1F00D470E2 /* ShareViewController.swift in Sources */,
				B5DF562E256F2C01004A24D8 /* Date.swift in Sources */,
				B5AF873A2571209C008A3BBC /* videoTutorialViewController.swift in Sources */,
				B5095675256DDD380075ACE9 /* Notification.swift in Sources */,
				B5807EFD25678043006052E2 /* firebaseService.swift in Sources */,
				B591B18A2570BE6200C389D9 /* HandleNewUserViewController.swift in Sources */,
				B5B49792256A6F2900570D84 /* Onboarding_3ViewController.swift in Sources */,
				B506EBC92562306400372198 /* UpdateBackgroundColorTableViewCell.swift in Sources */,
			);
			runOnlyForDeploymentPostprocessing = 0;
		};
		B5517C83255FAFC600E134CC /* Sources */ = {
			isa = PBXSourcesBuildPhase;
			buildActionMask = 2147483647;
			files = (
				B5517C8C255FAFC600E134CC /* __Tests.swift in Sources */,
			);
			runOnlyForDeploymentPostprocessing = 0;
		};
		B5517C8E255FAFC600E134CC /* Sources */ = {
			isa = PBXSourcesBuildPhase;
			buildActionMask = 2147483647;
			files = (
				B5517C97255FAFC600E134CC /* __UITests.swift in Sources */,
			);
			runOnlyForDeploymentPostprocessing = 0;
		};
		B59E20AF256698FB003A5521 /* Sources */ = {
			isa = PBXSourcesBuildPhase;
			buildActionMask = 2147483647;
			files = (
				B59E213325674D13003A5521 /* Quote.swift in Sources */,
				B59E20D8256741C3003A5521 /* GeegeeWidgetView.swift in Sources */,
				B59E219425676582003A5521 /* UserDefaultsExtention.swift in Sources */,
				B5DF562F256F2C01004A24D8 /* Date.swift in Sources */,
				B591B1802570A0C100C389D9 /* SyncAppQuotes.swift in Sources */,
				B5056D8C2573DCB300A8E79B /* DateHelper.swift in Sources */,
				B552F4E0256D0449001013BA /* SyncAppWidget.swift in Sources */,
				B59E20BD256698FC003A5521 /* widget.intentdefinition in Sources */,
				B5807EFE25678043006052E2 /* firebaseService.swift in Sources */,
				B59E20B8256698FB003A5521 /* widget.swift in Sources */,
			);
			runOnlyForDeploymentPostprocessing = 0;
		};
/* End PBXSourcesBuildPhase section */

/* Begin PBXTargetDependency section */
		B5517C89255FAFC600E134CC /* PBXTargetDependency */ = {
			isa = PBXTargetDependency;
			target = B5517C70255FAFC500E134CC /* 句句 */;
			targetProxy = B5517C88255FAFC600E134CC /* PBXContainerItemProxy */;
		};
		B5517C94255FAFC600E134CC /* PBXTargetDependency */ = {
			isa = PBXTargetDependency;
			target = B5517C70255FAFC500E134CC /* 句句 */;
			targetProxy = B5517C93255FAFC600E134CC /* PBXContainerItemProxy */;
		};
		B59E20C0256698FC003A5521 /* PBXTargetDependency */ = {
			isa = PBXTargetDependency;
			target = B59E20B2256698FB003A5521 /* widgetExtension */;
			targetProxy = B59E20BF256698FC003A5521 /* PBXContainerItemProxy */;
		};
/* End PBXTargetDependency section */

/* Begin PBXVariantGroup section */
		B5517C7A255FAFC500E134CC /* Main.storyboard */ = {
			isa = PBXVariantGroup;
			children = (
				B5517C7B255FAFC500E134CC /* Base */,
				B5DF1B36257DDE5D001F95CC /* zh-Hans */,
			);
			name = Main.storyboard;
			sourceTree = "<group>";
		};
		B5517C7F255FAFC600E134CC /* LaunchScreen.storyboard */ = {
			isa = PBXVariantGroup;
			children = (
				B5517C80255FAFC600E134CC /* Base */,
				B5DF1B3B257DDE5D001F95CC /* zh-Hans */,
			);
			name = LaunchScreen.storyboard;
			sourceTree = "<group>";
		};
/* End PBXVariantGroup section */

/* Begin XCBuildConfiguration section */
		B5517C99255FAFC600E134CC /* Debug */ = {
			isa = XCBuildConfiguration;
			buildSettings = {
				ALWAYS_SEARCH_USER_PATHS = NO;
				CLANG_ANALYZER_LOCALIZABILITY_NONLOCALIZED = YES;
				CLANG_ANALYZER_NONNULL = YES;
				CLANG_ANALYZER_NUMBER_OBJECT_CONVERSION = YES_AGGRESSIVE;
				CLANG_CXX_LANGUAGE_STANDARD = "gnu++14";
				CLANG_CXX_LIBRARY = "libc++";
				CLANG_ENABLE_MODULES = YES;
				CLANG_ENABLE_OBJC_ARC = YES;
				CLANG_ENABLE_OBJC_WEAK = YES;
				CLANG_WARN_BLOCK_CAPTURE_AUTORELEASING = YES;
				CLANG_WARN_BOOL_CONVERSION = YES;
				CLANG_WARN_COMMA = YES;
				CLANG_WARN_CONSTANT_CONVERSION = YES;
				CLANG_WARN_DEPRECATED_OBJC_IMPLEMENTATIONS = YES;
				CLANG_WARN_DIRECT_OBJC_ISA_USAGE = YES_ERROR;
				CLANG_WARN_DOCUMENTATION_COMMENTS = YES;
				CLANG_WARN_EMPTY_BODY = YES;
				CLANG_WARN_ENUM_CONVERSION = YES;
				CLANG_WARN_INFINITE_RECURSION = YES;
				CLANG_WARN_INT_CONVERSION = YES;
				CLANG_WARN_NON_LITERAL_NULL_CONVERSION = YES;
				CLANG_WARN_OBJC_IMPLICIT_RETAIN_SELF = YES;
				CLANG_WARN_OBJC_LITERAL_CONVERSION = YES;
				CLANG_WARN_OBJC_ROOT_CLASS = YES_ERROR;
				CLANG_WARN_QUOTED_INCLUDE_IN_FRAMEWORK_HEADER = YES;
				CLANG_WARN_RANGE_LOOP_ANALYSIS = YES;
				CLANG_WARN_STRICT_PROTOTYPES = YES;
				CLANG_WARN_SUSPICIOUS_MOVE = YES;
				CLANG_WARN_UNGUARDED_AVAILABILITY = YES_AGGRESSIVE;
				CLANG_WARN_UNREACHABLE_CODE = YES;
				CLANG_WARN__DUPLICATE_METHOD_MATCH = YES;
				COPY_PHASE_STRIP = NO;
				DEBUG_INFORMATION_FORMAT = dwarf;
				ENABLE_STRICT_OBJC_MSGSEND = YES;
				ENABLE_TESTABILITY = YES;
				GCC_C_LANGUAGE_STANDARD = gnu11;
				GCC_DYNAMIC_NO_PIC = NO;
				GCC_NO_COMMON_BLOCKS = YES;
				GCC_OPTIMIZATION_LEVEL = 0;
				GCC_PREPROCESSOR_DEFINITIONS = (
					"DEBUG=1",
					"$(inherited)",
				);
				GCC_WARN_64_TO_32_BIT_CONVERSION = YES;
				GCC_WARN_ABOUT_RETURN_TYPE = YES_ERROR;
				GCC_WARN_UNDECLARED_SELECTOR = YES;
				GCC_WARN_UNINITIALIZED_AUTOS = YES_AGGRESSIVE;
				GCC_WARN_UNUSED_FUNCTION = YES;
				GCC_WARN_UNUSED_VARIABLE = YES;
				IPHONEOS_DEPLOYMENT_TARGET = 14.0;
				MTL_ENABLE_DEBUG_INFO = INCLUDE_SOURCE;
				MTL_FAST_MATH = YES;
				ONLY_ACTIVE_ARCH = YES;
				"OTHER_LDFLAGS[arch=*]" = (
					"$(OTHER_LDFLAGS)",
					"-ObjC",
				);
				SDKROOT = iphoneos;
				SWIFT_ACTIVE_COMPILATION_CONDITIONS = DEBUG;
				SWIFT_OPTIMIZATION_LEVEL = "-Onone";
			};
			name = Debug;
		};
		B5517C9A255FAFC600E134CC /* Release */ = {
			isa = XCBuildConfiguration;
			buildSettings = {
				ALWAYS_SEARCH_USER_PATHS = NO;
				CLANG_ANALYZER_LOCALIZABILITY_NONLOCALIZED = YES;
				CLANG_ANALYZER_NONNULL = YES;
				CLANG_ANALYZER_NUMBER_OBJECT_CONVERSION = YES_AGGRESSIVE;
				CLANG_CXX_LANGUAGE_STANDARD = "gnu++14";
				CLANG_CXX_LIBRARY = "libc++";
				CLANG_ENABLE_MODULES = YES;
				CLANG_ENABLE_OBJC_ARC = YES;
				CLANG_ENABLE_OBJC_WEAK = YES;
				CLANG_WARN_BLOCK_CAPTURE_AUTORELEASING = YES;
				CLANG_WARN_BOOL_CONVERSION = YES;
				CLANG_WARN_COMMA = YES;
				CLANG_WARN_CONSTANT_CONVERSION = YES;
				CLANG_WARN_DEPRECATED_OBJC_IMPLEMENTATIONS = YES;
				CLANG_WARN_DIRECT_OBJC_ISA_USAGE = YES_ERROR;
				CLANG_WARN_DOCUMENTATION_COMMENTS = YES;
				CLANG_WARN_EMPTY_BODY = YES;
				CLANG_WARN_ENUM_CONVERSION = YES;
				CLANG_WARN_INFINITE_RECURSION = YES;
				CLANG_WARN_INT_CONVERSION = YES;
				CLANG_WARN_NON_LITERAL_NULL_CONVERSION = YES;
				CLANG_WARN_OBJC_IMPLICIT_RETAIN_SELF = YES;
				CLANG_WARN_OBJC_LITERAL_CONVERSION = YES;
				CLANG_WARN_OBJC_ROOT_CLASS = YES_ERROR;
				CLANG_WARN_QUOTED_INCLUDE_IN_FRAMEWORK_HEADER = YES;
				CLANG_WARN_RANGE_LOOP_ANALYSIS = YES;
				CLANG_WARN_STRICT_PROTOTYPES = YES;
				CLANG_WARN_SUSPICIOUS_MOVE = YES;
				CLANG_WARN_UNGUARDED_AVAILABILITY = YES_AGGRESSIVE;
				CLANG_WARN_UNREACHABLE_CODE = YES;
				CLANG_WARN__DUPLICATE_METHOD_MATCH = YES;
				COPY_PHASE_STRIP = NO;
				DEBUG_INFORMATION_FORMAT = "dwarf-with-dsym";
				ENABLE_NS_ASSERTIONS = NO;
				ENABLE_STRICT_OBJC_MSGSEND = YES;
				GCC_C_LANGUAGE_STANDARD = gnu11;
				GCC_NO_COMMON_BLOCKS = YES;
				GCC_WARN_64_TO_32_BIT_CONVERSION = YES;
				GCC_WARN_ABOUT_RETURN_TYPE = YES_ERROR;
				GCC_WARN_UNDECLARED_SELECTOR = YES;
				GCC_WARN_UNINITIALIZED_AUTOS = YES_AGGRESSIVE;
				GCC_WARN_UNUSED_FUNCTION = YES;
				GCC_WARN_UNUSED_VARIABLE = YES;
				IPHONEOS_DEPLOYMENT_TARGET = 14.0;
				MTL_ENABLE_DEBUG_INFO = NO;
				MTL_FAST_MATH = YES;
				"OTHER_LDFLAGS[arch=*]" = (
					"$(OTHER_LDFLAGS)",
					"-ObjC",
				);
				SDKROOT = iphoneos;
				SWIFT_COMPILATION_MODE = wholemodule;
				SWIFT_OPTIMIZATION_LEVEL = "-O";
				VALIDATE_PRODUCT = YES;
			};
			name = Release;
		};
		B5517C9C255FAFC600E134CC /* Debug */ = {
			isa = XCBuildConfiguration;
			baseConfigurationReference = 76C1FFF8025718B5E3C32ABF /* Pods-句句.debug.xcconfig */;
			buildSettings = {
				ALWAYS_EMBED_SWIFT_STANDARD_LIBRARIES = YES;
				ASSETCATALOG_COMPILER_APPICON_NAME = AppIcon;
				ASSETCATALOG_COMPILER_GLOBAL_ACCENT_COLOR_NAME = AccentColor;
				CODE_SIGN_ENTITLEMENTS = "句句/句句.entitlements";
				CODE_SIGN_STYLE = Automatic;
				CURRENT_PROJECT_VERSION = 18;
				DEVELOPMENT_TEAM = 64KKU33NVH;
				FRAMEWORK_SEARCH_PATHS = (
					"$(inherited)",
					"$(PROJECT_DIR)/句句",
				);
				INFOPLIST_FILE = "句句/Info.plist";
				IPHONEOS_DEPLOYMENT_TARGET = 13.0;
				LD_RUNPATH_SEARCH_PATHS = (
					"$(inherited)",
					"@executable_path/Frameworks",
				);
				MARKETING_VERSION = 2.4;
				OTHER_LDFLAGS = (
					"$(inherited)",
					"-ObjC",
					"-l\"GoogleAnalytics\"",
					"-l\"c++\"",
					"-l\"iconv\"",
					"-l\"icucore\"",
					"-l\"sqlite3\"",
					"-l\"stdc++\"",
					"-l\"z\"",
					"-framework",
					"\"AVFoundation\"",
					"-framework",
					"\"Accelerate\"",
					"-framework",
					"\"BLTNBoard\"",
					"-framework",
					"\"CFNetwork\"",
					"-framework",
					"\"CoreData\"",
					"-framework",
					"\"CoreGraphics\"",
					"-framework",
					"\"CoreMedia\"",
					"-framework",
					"\"CoreTelephony\"",
					"-framework",
					"\"CoreVideo\"",
					"-framework",
					"\"DateTimePicker\"",
					"-framework",
					"\"DynamicBlurView\"",
					"-framework",
					"\"FBLPromises\"",
					"-framework",
					"\"FBSDKCoreKit\"",
					"-framework",
					"\"FBSDKLoginKit\"",
					"-framework",
					"\"FBSDKShareKit\"",
					"-framework",
					"\"FIRAnalyticsConnector\"",
					"-framework",
					"\"FacebookCore\"",
					"-framework",
					"\"FacebookLogin\"",
					"-framework",
					"\"FacebookShare\"",
					"-framework",
					"\"FirebaseAnalytics\"",
					"-framework",
					"\"FirebaseCore\"",
					"-framework",
					"\"FirebaseCoreDiagnostics\"",
					"-framework",
					"\"FirebaseDatabase\"",
					"-framework",
					"\"FirebaseInstallations\"",
					"-framework",
					"\"FirebaseInstanceID\"",
					"-framework",
					"\"FirebaseMessaging\"",
					"-framework",
					"\"Foundation\"",
					"-framework",
					"\"GoogleAppMeasurement\"",
					"-framework",
					"\"GoogleDataTransport\"",
					"-framework",
					"\"GoogleUtilities\"",
					"-framework",
					"\"Hero\"",
					"-framework",
					"\"MASegmentedControl\"",
					"-framework",
					"\"MobileCoreServices\"",
					"-framework",
					"\"PopupDialog\"",
					"-framework",
					"\"QuartzCore\"",
					"-framework",
					"\"Security\"",
					"-framework",
					"\"StoreKit\"",
					"-framework",
					"\"SwiftyGif\"",
					"-framework",
					"\"SystemConfiguration\"",
					"-framework",
					"\"UIKit\"",
					"-framework",
					"\"WebKit\"",
					"-framework",
					"\"leveldb\"",
					"-framework",
					"\"nanopb\"",
					"-weak_framework",
					"\"Accelerate\"",
					"-weak_framework",
					"\"Accounts\"",
					"-weak_framework",
					"\"AudioToolbox\"",
					"-weak_framework",
					"\"CoreGraphics\"",
					"-weak_framework",
					"\"CoreLocation\"",
					"-weak_framework",
					"\"Foundation\"",
					"-weak_framework",
					"\"QuartzCore\"",
					"-weak_framework",
					"\"Security\"",
					"-weak_framework",
					"\"Social\"",
					"-weak_framework",
					"\"UIKit\"",
					"-weak_framework",
					"\"UserNotifications\"",
				);
				PRODUCT_BUNDLE_IDENTIFIER = BSStudio.MoodQuotes.ios;
				PRODUCT_NAME = "$(TARGET_NAME)";
				SWIFT_VERSION = 5.0;
				TARGETED_DEVICE_FAMILY = "1,2";
			};
			name = Debug;
		};
		B5517C9D255FAFC600E134CC /* Release */ = {
			isa = XCBuildConfiguration;
			baseConfigurationReference = 8AEFDDD1013480BF1E62BD22 /* Pods-句句.release.xcconfig */;
			buildSettings = {
				ALWAYS_EMBED_SWIFT_STANDARD_LIBRARIES = YES;
				ASSETCATALOG_COMPILER_APPICON_NAME = AppIcon;
				ASSETCATALOG_COMPILER_GLOBAL_ACCENT_COLOR_NAME = AccentColor;
				CODE_SIGN_ENTITLEMENTS = "句句/句句.entitlements";
				CODE_SIGN_STYLE = Automatic;
				CURRENT_PROJECT_VERSION = 18;
				DEVELOPMENT_TEAM = 64KKU33NVH;
				FRAMEWORK_SEARCH_PATHS = (
					"$(inherited)",
					"$(PROJECT_DIR)/句句",
				);
				INFOPLIST_FILE = "句句/Info.plist";
				IPHONEOS_DEPLOYMENT_TARGET = 13.0;
				LD_RUNPATH_SEARCH_PATHS = (
					"$(inherited)",
					"@executable_path/Frameworks",
				);
				MARKETING_VERSION = 2.4;
				OTHER_LDFLAGS = (
					"$(inherited)",
					"-ObjC",
					"-l\"GoogleAnalytics\"",
					"-l\"c++\"",
					"-l\"iconv\"",
					"-l\"icucore\"",
					"-l\"sqlite3\"",
					"-l\"stdc++\"",
					"-l\"z\"",
					"-framework",
					"\"AVFoundation\"",
					"-framework",
					"\"Accelerate\"",
					"-framework",
					"\"BLTNBoard\"",
					"-framework",
					"\"CFNetwork\"",
					"-framework",
					"\"CoreData\"",
					"-framework",
					"\"CoreGraphics\"",
					"-framework",
					"\"CoreMedia\"",
					"-framework",
					"\"CoreTelephony\"",
					"-framework",
					"\"CoreVideo\"",
					"-framework",
					"\"DateTimePicker\"",
					"-framework",
					"\"DynamicBlurView\"",
					"-framework",
					"\"FBLPromises\"",
					"-framework",
					"\"FBSDKCoreKit\"",
					"-framework",
					"\"FBSDKLoginKit\"",
					"-framework",
					"\"FBSDKShareKit\"",
					"-framework",
					"\"FIRAnalyticsConnector\"",
					"-framework",
					"\"FacebookCore\"",
					"-framework",
					"\"FacebookLogin\"",
					"-framework",
					"\"FacebookShare\"",
					"-framework",
					"\"FirebaseAnalytics\"",
					"-framework",
					"\"FirebaseCore\"",
					"-framework",
					"\"FirebaseCoreDiagnostics\"",
					"-framework",
					"\"FirebaseDatabase\"",
					"-framework",
					"\"FirebaseInstallations\"",
					"-framework",
					"\"FirebaseInstanceID\"",
					"-framework",
					"\"FirebaseMessaging\"",
					"-framework",
					"\"Foundation\"",
					"-framework",
					"\"GoogleAppMeasurement\"",
					"-framework",
					"\"GoogleDataTransport\"",
					"-framework",
					"\"GoogleUtilities\"",
					"-framework",
					"\"Hero\"",
					"-framework",
					"\"MASegmentedControl\"",
					"-framework",
					"\"MobileCoreServices\"",
					"-framework",
					"\"PopupDialog\"",
					"-framework",
					"\"QuartzCore\"",
					"-framework",
					"\"Security\"",
					"-framework",
					"\"StoreKit\"",
					"-framework",
					"\"SwiftyGif\"",
					"-framework",
					"\"SystemConfiguration\"",
					"-framework",
					"\"UIKit\"",
					"-framework",
					"\"WebKit\"",
					"-framework",
					"\"leveldb\"",
					"-framework",
					"\"nanopb\"",
					"-weak_framework",
					"\"Accelerate\"",
					"-weak_framework",
					"\"Accounts\"",
					"-weak_framework",
					"\"AudioToolbox\"",
					"-weak_framework",
					"\"CoreGraphics\"",
					"-weak_framework",
					"\"CoreLocation\"",
					"-weak_framework",
					"\"Foundation\"",
					"-weak_framework",
					"\"QuartzCore\"",
					"-weak_framework",
					"\"Security\"",
					"-weak_framework",
					"\"Social\"",
					"-weak_framework",
					"\"UIKit\"",
					"-weak_framework",
					"\"UserNotifications\"",
				);
				PRODUCT_BUNDLE_IDENTIFIER = BSStudio.MoodQuotes.ios;
				PRODUCT_NAME = "$(TARGET_NAME)";
				SWIFT_VERSION = 5.0;
				TARGETED_DEVICE_FAMILY = "1,2";
			};
			name = Release;
		};
		B5517C9F255FAFC600E134CC /* Debug */ = {
			isa = XCBuildConfiguration;
			baseConfigurationReference = E397A54294B3BE2C22FCEFEF /* Pods-句句Tests.debug.xcconfig */;
			buildSettings = {
				ALWAYS_EMBED_SWIFT_STANDARD_LIBRARIES = YES;
				CODE_SIGN_STYLE = Automatic;
				DEVELOPMENT_TEAM = 64KKU33NVH;
				INFOPLIST_FILE = "句句Tests/Info.plist";
				IPHONEOS_DEPLOYMENT_TARGET = 14.1;
				LD_RUNPATH_SEARCH_PATHS = (
					"$(inherited)",
					"@executable_path/Frameworks",
					"@loader_path/Frameworks",
				);
				PRODUCT_BUNDLE_IDENTIFIER = "BSStudio.Geegee.--Tests";
				PRODUCT_NAME = "$(TARGET_NAME)";
				SWIFT_VERSION = 5.0;
				TARGETED_DEVICE_FAMILY = "1,2";
			};
			name = Debug;
		};
		B5517CA0255FAFC600E134CC /* Release */ = {
			isa = XCBuildConfiguration;
			baseConfigurationReference = DCF7186A53EBC6D09E4851D9 /* Pods-句句Tests.release.xcconfig */;
			buildSettings = {
				ALWAYS_EMBED_SWIFT_STANDARD_LIBRARIES = YES;
				CODE_SIGN_STYLE = Automatic;
				DEVELOPMENT_TEAM = 64KKU33NVH;
				INFOPLIST_FILE = "句句Tests/Info.plist";
				IPHONEOS_DEPLOYMENT_TARGET = 14.1;
				LD_RUNPATH_SEARCH_PATHS = (
					"$(inherited)",
					"@executable_path/Frameworks",
					"@loader_path/Frameworks",
				);
				PRODUCT_BUNDLE_IDENTIFIER = "BSStudio.Geegee.--Tests";
				PRODUCT_NAME = "$(TARGET_NAME)";
				SWIFT_VERSION = 5.0;
				TARGETED_DEVICE_FAMILY = "1,2";
			};
			name = Release;
		};
		B5517CA2255FAFC600E134CC /* Debug */ = {
			isa = XCBuildConfiguration;
			baseConfigurationReference = 1F8216110A639BD5CDB2A60E /* Pods-句句-句句UITests.debug.xcconfig */;
			buildSettings = {
				ALWAYS_EMBED_SWIFT_STANDARD_LIBRARIES = YES;
				CODE_SIGN_STYLE = Automatic;
				DEVELOPMENT_TEAM = 64KKU33NVH;
				INFOPLIST_FILE = "句句UITests/Info.plist";
				LD_RUNPATH_SEARCH_PATHS = (
					"$(inherited)",
					"@executable_path/Frameworks",
					"@loader_path/Frameworks",
				);
				PRODUCT_BUNDLE_IDENTIFIER = "BSStudio.Geegee.--UITests";
				PRODUCT_NAME = "$(TARGET_NAME)";
				PROVISIONING_PROFILE = "";
				SWIFT_VERSION = 5.0;
				TARGETED_DEVICE_FAMILY = "1,2";
			};
			name = Debug;
		};
		B5517CA3255FAFC600E134CC /* Release */ = {
			isa = XCBuildConfiguration;
			baseConfigurationReference = 59E3CD7BFCEC51B39F0ACDF7 /* Pods-句句-句句UITests.release.xcconfig */;
			buildSettings = {
				ALWAYS_EMBED_SWIFT_STANDARD_LIBRARIES = YES;
				CODE_SIGN_STYLE = Automatic;
				DEVELOPMENT_TEAM = 64KKU33NVH;
				INFOPLIST_FILE = "句句UITests/Info.plist";
				LD_RUNPATH_SEARCH_PATHS = (
					"$(inherited)",
					"@executable_path/Frameworks",
					"@loader_path/Frameworks",
				);
				PRODUCT_BUNDLE_IDENTIFIER = "BSStudio.Geegee.--UITests";
				PRODUCT_NAME = "$(TARGET_NAME)";
				PROVISIONING_PROFILE = "";
				SWIFT_VERSION = 5.0;
				TARGETED_DEVICE_FAMILY = "1,2";
			};
			name = Release;
		};
		B59E20C3256698FC003A5521 /* Debug */ = {
			isa = XCBuildConfiguration;
			baseConfigurationReference = 93E7B2345F025ABE51C1F834 /* Pods-widgetExtension.debug.xcconfig */;
			buildSettings = {
				ASSETCATALOG_COMPILER_GLOBAL_ACCENT_COLOR_NAME = AccentColor;
				ASSETCATALOG_COMPILER_WIDGET_BACKGROUND_COLOR_NAME = WidgetBackground;
				CODE_SIGN_ENTITLEMENTS = widgetExtension.entitlements;
				CODE_SIGN_STYLE = Automatic;
				CURRENT_PROJECT_VERSION = 18;
				DEVELOPMENT_TEAM = 64KKU33NVH;
				FRAMEWORK_SEARCH_PATHS = (
					"$(inherited)",
					"$(PROJECT_DIR)/句句",
				);
				INFOPLIST_FILE = widget/Info.plist;
				IPHONEOS_DEPLOYMENT_TARGET = 14.0;
				LD_RUNPATH_SEARCH_PATHS = (
					"$(inherited)",
					"@executable_path/Frameworks",
					"@executable_path/../../Frameworks",
				);
				MARKETING_VERSION = 2.4;
				PRODUCT_BUNDLE_IDENTIFIER = BSStudio.MoodQuotes.ios.widget;
				PRODUCT_NAME = "$(TARGET_NAME)";
				SKIP_INSTALL = YES;
				SWIFT_VERSION = 5.0;
				TARGETED_DEVICE_FAMILY = "1,2";
				TVOS_DEPLOYMENT_TARGET = 14.0;
			};
			name = Debug;
		};
		B59E20C4256698FC003A5521 /* Release */ = {
			isa = XCBuildConfiguration;
			baseConfigurationReference = AE2EE0894DBCDBF3D0343BEB /* Pods-widgetExtension.release.xcconfig */;
			buildSettings = {
				ASSETCATALOG_COMPILER_GLOBAL_ACCENT_COLOR_NAME = AccentColor;
				ASSETCATALOG_COMPILER_WIDGET_BACKGROUND_COLOR_NAME = WidgetBackground;
				CODE_SIGN_ENTITLEMENTS = widgetExtension.entitlements;
				CODE_SIGN_STYLE = Automatic;
				CURRENT_PROJECT_VERSION = 18;
				DEVELOPMENT_TEAM = 64KKU33NVH;
				FRAMEWORK_SEARCH_PATHS = (
					"$(inherited)",
					"$(PROJECT_DIR)/句句",
				);
				INFOPLIST_FILE = widget/Info.plist;
				IPHONEOS_DEPLOYMENT_TARGET = 14.0;
				LD_RUNPATH_SEARCH_PATHS = (
					"$(inherited)",
					"@executable_path/Frameworks",
					"@executable_path/../../Frameworks",
				);
				MARKETING_VERSION = 2.4;
				PRODUCT_BUNDLE_IDENTIFIER = BSStudio.MoodQuotes.ios.widget;
				PRODUCT_NAME = "$(TARGET_NAME)";
				SKIP_INSTALL = YES;
				SWIFT_VERSION = 5.0;
				TARGETED_DEVICE_FAMILY = "1,2";
				TVOS_DEPLOYMENT_TARGET = 14.0;
			};
			name = Release;
		};
/* End XCBuildConfiguration section */

/* Begin XCConfigurationList section */
		B5517C6C255FAFC400E134CC /* Build configuration list for PBXProject "句句" */ = {
			isa = XCConfigurationList;
			buildConfigurations = (
				B5517C99255FAFC600E134CC /* Debug */,
				B5517C9A255FAFC600E134CC /* Release */,
			);
			defaultConfigurationIsVisible = 0;
			defaultConfigurationName = Release;
		};
		B5517C9B255FAFC600E134CC /* Build configuration list for PBXNativeTarget "句句" */ = {
			isa = XCConfigurationList;
			buildConfigurations = (
				B5517C9C255FAFC600E134CC /* Debug */,
				B5517C9D255FAFC600E134CC /* Release */,
			);
			defaultConfigurationIsVisible = 0;
			defaultConfigurationName = Release;
		};
		B5517C9E255FAFC600E134CC /* Build configuration list for PBXNativeTarget "句句Tests" */ = {
			isa = XCConfigurationList;
			buildConfigurations = (
				B5517C9F255FAFC600E134CC /* Debug */,
				B5517CA0255FAFC600E134CC /* Release */,
			);
			defaultConfigurationIsVisible = 0;
			defaultConfigurationName = Release;
		};
		B5517CA1255FAFC600E134CC /* Build configuration list for PBXNativeTarget "句句UITests" */ = {
			isa = XCConfigurationList;
			buildConfigurations = (
				B5517CA2255FAFC600E134CC /* Debug */,
				B5517CA3255FAFC600E134CC /* Release */,
			);
			defaultConfigurationIsVisible = 0;
			defaultConfigurationName = Release;
		};
		B59E20C2256698FC003A5521 /* Build configuration list for PBXNativeTarget "widgetExtension" */ = {
			isa = XCConfigurationList;
			buildConfigurations = (
				B59E20C3256698FC003A5521 /* Debug */,
				B59E20C4256698FC003A5521 /* Release */,
			);
			defaultConfigurationIsVisible = 0;
			defaultConfigurationName = Release;
		};
/* End XCConfigurationList section */
	};
	rootObject = B5517C69255FAFC400E134CC /* Project object */;
}
